PODS:
  - Alamofire (4.9.0)
  - SwiftyJSON (4.1.0)

DEPENDENCIES:
  - Alamofire
  - SwiftyJSON

SPEC REPOS:
  https://github.com/cocoapods/specs.git:
    - Alamofire
    - SwiftyJSON

SPEC CHECKSUMS:
  Alamofire: afc3e7c6db61476cb45cdd23fed06bad03bbc321
  SwiftyJSON: c29297daf073d2aa016295d5809cdd68045c39b3

PODFILE CHECKSUM: 5a964f6de8a410c0b14f8490ea2896f5d5ca9da5

COCOAPODS: 1.7.5
